
Microsoft Visual Studio Solution File, Format Version 12.00
# Visual Studio 15
VisualStudioVersion = 15.0.27130.2027
MinimumVisualStudioVersion = 10.0.40219.1
Project("{FAE04EC0-301F-11D3-BF4B-00C04F79EFBC}") = "CSULB.GetUsGrub", "CSULB.GetUsGrub\CSULB.GetUsGrub.csproj", "{ED3B1782-7C3D-4D18-B560-B731B2B76942}"
EndProject
Project("{FAE04EC0-301F-11D3-BF4B-00C04F79EFBC}") = "CSULB.GetUsGrub.Models", "CSULB.GetUsGrub.Models\CSULB.GetUsGrub.Models.csproj", "{C93E53A0-06B5-484E-ABEB-1CBCDEB40DE5}"
EndProject
Project("{FAE04EC0-301F-11D3-BF4B-00C04F79EFBC}") = "CSULB.GetUsGrub.DataAccess", "CSULB.GetUsGrub.DataAccess\CSULB.GetUsGrub.DataAccess.csproj", "{F19C4DF1-91C3-46DE-9B27-BD3B91D2294A}"
EndProject
Project("{FAE04EC0-301F-11D3-BF4B-00C04F79EFBC}") = "CSULB.GetUsGrub.BusinessLogic", "CSULB.GetUsGrub.BusinessLogic\CSULB.GetUsGrub.BusinessLogic.csproj", "{82085EAD-6AAE-4E25-AD90-84B414F2B491}"
EndProject
Project("{FAE04EC0-301F-11D3-BF4B-00C04F79EFBC}") = "CSULB.GetUsGrub.UserAccessControl", "CSULB.GetUsGrub.UserAccessControl\CSULB.GetUsGrub.UserAccessControl.csproj", "{25BB252D-4EBC-4603-978D-657798E5A1FD}"
EndProject
Project("{FAE04EC0-301F-11D3-BF4B-00C04F79EFBC}") = "CSULB.GetUsGrub.UnitTests", "CSULB.GetUsGrub.UnitTests\CSULB.GetUsGrub.UnitTests.csproj", "{1B86E6CD-A3D4-423E-8501-146757AB2059}"
EndProject
Project("{FAE04EC0-301F-11D3-BF4B-00C04F79EFBC}") = "CSULB.GetUsGrub.Images", "CSULB.GetUsGrub.Images\CSULB.GetUsGrub.Images.csproj", "{62A4A533-8643-4206-BAFC-1E1D4C8E5292}"
EndProject
Global
	GlobalSection(SolutionConfigurationPlatforms) = preSolution
		Debug|Any CPU = Debug|Any CPU
		Release|Any CPU = Release|Any CPU
	EndGlobalSection
	GlobalSection(ProjectConfigurationPlatforms) = postSolution
		{ED3B1782-7C3D-4D18-B560-B731B2B76942}.Debug|Any CPU.ActiveCfg = Debug|Any CPU
		{ED3B1782-7C3D-4D18-B560-B731B2B76942}.Debug|Any CPU.Build.0 = Debug|Any CPU
		{ED3B1782-7C3D-4D18-B560-B731B2B76942}.Release|Any CPU.ActiveCfg = Release|Any CPU
		{ED3B1782-7C3D-4D18-B560-B731B2B76942}.Release|Any CPU.Build.0 = Release|Any CPU
		{C93E53A0-06B5-484E-ABEB-1CBCDEB40DE5}.Debug|Any CPU.ActiveCfg = Debug|Any CPU
		{C93E53A0-06B5-484E-ABEB-1CBCDEB40DE5}.Debug|Any CPU.Build.0 = Debug|Any CPU
		{C93E53A0-06B5-484E-ABEB-1CBCDEB40DE5}.Release|Any CPU.ActiveCfg = Release|Any CPU
		{C93E53A0-06B5-484E-ABEB-1CBCDEB40DE5}.Release|Any CPU.Build.0 = Release|Any CPU
		{F19C4DF1-91C3-46DE-9B27-BD3B91D2294A}.Debug|Any CPU.ActiveCfg = Debug|Any CPU
		{F19C4DF1-91C3-46DE-9B27-BD3B91D2294A}.Debug|Any CPU.Build.0 = Debug|Any CPU
		{F19C4DF1-91C3-46DE-9B27-BD3B91D2294A}.Release|Any CPU.ActiveCfg = Release|Any CPU
		{F19C4DF1-91C3-46DE-9B27-BD3B91D2294A}.Release|Any CPU.Build.0 = Release|Any CPU
		{82085EAD-6AAE-4E25-AD90-84B414F2B491}.Debug|Any CPU.ActiveCfg = Debug|Any CPU
		{82085EAD-6AAE-4E25-AD90-84B414F2B491}.Debug|Any CPU.Build.0 = Debug|Any CPU
		{82085EAD-6AAE-4E25-AD90-84B414F2B491}.Release|Any CPU.ActiveCfg = Release|Any CPU
		{82085EAD-6AAE-4E25-AD90-84B414F2B491}.Release|Any CPU.Build.0 = Release|Any CPU
		{25BB252D-4EBC-4603-978D-657798E5A1FD}.Debug|Any CPU.ActiveCfg = Debug|Any CPU
		{25BB252D-4EBC-4603-978D-657798E5A1FD}.Debug|Any CPU.Build.0 = Debug|Any CPU
		{25BB252D-4EBC-4603-978D-657798E5A1FD}.Release|Any CPU.ActiveCfg = Release|Any CPU
		{25BB252D-4EBC-4603-978D-657798E5A1FD}.Release|Any CPU.Build.0 = Release|Any CPU
		{1B86E6CD-A3D4-423E-8501-146757AB2059}.Debug|Any CPU.ActiveCfg = Debug|Any CPU
		{1B86E6CD-A3D4-423E-8501-146757AB2059}.Debug|Any CPU.Build.0 = Debug|Any CPU
		{1B86E6CD-A3D4-423E-8501-146757AB2059}.Release|Any CPU.ActiveCfg = Release|Any CPU
		{1B86E6CD-A3D4-423E-8501-146757AB2059}.Release|Any CPU.Build.0 = Release|Any CPU
		{62A4A533-8643-4206-BAFC-1E1D4C8E5292}.Debug|Any CPU.ActiveCfg = Debug|Any CPU
		{62A4A533-8643-4206-BAFC-1E1D4C8E5292}.Debug|Any CPU.Build.0 = Debug|Any CPU
		{62A4A533-8643-4206-BAFC-1E1D4C8E5292}.Release|Any CPU.ActiveCfg = Release|Any CPU
		{62A4A533-8643-4206-BAFC-1E1D4C8E5292}.Release|Any CPU.Build.0 = Release|Any CPU
	EndGlobalSection
	GlobalSection(SolutionProperties) = preSolution
		HideSolutionNode = FALSE
	EndGlobalSection
	GlobalSection(ExtensibilityGlobals) = postSolution
		SolutionGuid = {926396F7-064B-45CA-8A32-0DD46E2413B4}
	EndGlobalSection
EndGlobal
